// !$*UTF8*$!
{
	archiveVersion = 1;
	classes = {
	};
	objectVersion = 46;
	objects = {

/* Begin PBXBuildFile section */
		A1120C231A6C6A46001E224B /* main.m in Sources */ = {isa = PBXBuildFile; fileRef = A1120C221A6C6A46001E224B /* main.m */; };
		A1120C261A6C6A46001E224B /* AppDelegate.m in Sources */ = {isa = PBXBuildFile; fileRef = A1120C251A6C6A46001E224B /* AppDelegate.m */; };
		A1120C291A6C6A46001E224B /* ViewController.m in Sources */ = {isa = PBXBuildFile; fileRef = A1120C281A6C6A46001E224B /* ViewController.m */; };
		A1120C2C1A6C6A46001E224B /* Main.storyboard in Resources */ = {isa = PBXBuildFile; fileRef = A1120C2A1A6C6A46001E224B /* Main.storyboard */; };
		A1120C2E1A6C6A46001E224B /* Images.xcassets in Resources */ = {isa = PBXBuildFile; fileRef = A1120C2D1A6C6A46001E224B /* Images.xcassets */; };
		A1120C311A6C6A46001E224B /* LaunchScreen.xib in Resources */ = {isa = PBXBuildFile; fileRef = A1120C2F1A6C6A46001E224B /* LaunchScreen.xib */; };
		A1120C3D1A6C6A46001E224B /* FBInspiredTests.m in Sources */ = {isa = PBXBuildFile; fileRef = A1120C3C1A6C6A46001E224B /* FBInspiredTests.m */; };
/* End PBXBuildFile section */

/* Begin PBXContainerItemProxy section */
		A1120C371A6C6A46001E224B /* PBXContainerItemProxy */ = {
			isa = PBXContainerItemProxy;
			containerPortal = A1120C151A6C6A46001E224B /* Project object */;
			proxyType = 1;
			remoteGlobalIDString = A1120C1C1A6C6A46001E224B;
			remoteInfo = FBInspired;
		};
/* End PBXContainerItemProxy section */

/* Begin PBXFileReference section */
		A1120C1D1A6C6A46001E224B /* FBInspired.app */ = {isa = PBXFileReference; explicitFileType = wrapper.application; includeInIndex = 0; path = FBInspired.app; sourceTree = BUILT_PRODUCTS_DIR; };
		A1120C211A6C6A46001E224B /* Info.plist */ = {isa = PBXFileReference; lastKnownFileType = text.plist.xml; path = Info.plist; sourceTree = "<group>"; };
		A1120C221A6C6A46001E224B /* main.m */ = {isa = PBXFileReference; lastKnownFileType = sourcecode.c.objc; path = main.m; sourceTree = "<group>"; };
		A1120C241A6C6A46001E224B /* AppDelegate.h */ = {isa = PBXFileReference; lastKnownFileType = sourcecode.c.h; path = AppDelegate.h; sourceTree = "<group>"; };
		A1120C251A6C6A46001E224B /* AppDelegate.m */ = {isa = PBXFileReference; lastKnownFileType = sourcecode.c.objc; path = AppDelegate.m; sourceTree = "<group>"; };
		A1120C271A6C6A46001E224B /* ViewController.h */ = {isa = PBXFileReference; lastKnownFileType = sourcecode.c.h; path = ViewController.h; sourceTree = "<group>"; };
		A1120C281A6C6A46001E224B /* ViewController.m */ = {isa = PBXFileReference; lastKnownFileType = sourcecode.c.objc; lineEnding = 0; path = ViewController.m; sourceTree = "<group>"; xcLanguageSpecificationIdentifier = xcode.lang.objc; };
		A1120C2B1A6C6A46001E224B /* Base */ = {isa = PBXFileReference; lastKnownFileType = file.storyboard; name = Base; path = Base.lproj/Main.storyboard; sourceTree = "<group>"; };
		A1120C2D1A6C6A46001E224B /* Images.xcassets */ = {isa = PBXFileReference; lastKnownFileType = folder.assetcatalog; path = Images.xcassets; sourceTree = "<group>"; };
		A1120C301A6C6A46001E224B /* Base */ = {isa = PBXFileReference; lastKnownFileType = file.xib; name = Base; path = Base.lproj/LaunchScreen.xib; sourceTree = "<group>"; };
		A1120C361A6C6A46001E224B /* FBInspiredTests.xctest */ = {isa = PBXFileReference; explicitFileType = wrapper.cfbundle; includeInIndex = 0; path = FBInspiredTests.xctest; sourceTree = BUILT_PRODUCTS_DIR; };
		A1120C3B1A6C6A46001E224B /* Info.plist */ = {isa = PBXFileReference; lastKnownFileType = text.plist.xml; path = Info.plist; sourceTree = "<group>"; };
		A1120C3C1A6C6A46001E224B /* FBInspiredTests.m */ = {isa = PBXFileReference; lastKnownFileType = sourcecode.c.objc; path = FBInspiredTests.m; sourceTree = "<group>"; };
/* End PBXFileReference section */

/* Begin PBXFrameworksBuildPhase section */
		A1120C1A1A6C6A46001E224B /* Frameworks */ = {
			isa = PBXFrameworksBuildPhase;
			buildActionMask = 2147483647;
			files = (
			);
			runOnlyForDeploymentPostprocessing = 0;
		};
		A1120C331A6C6A46001E224B /* Frameworks */ = {
			isa = PBXFrameworksBuildPhase;
			buildActionMask = 2147483647;
			files = (
			);
			runOnlyForDeploymentPostprocessing = 0;
		};
/* End PBXFrameworksBuildPhase section */

/* Begin PBXGroup section */
		A1120C141A6C6A46001E224B = {
			isa = PBXGroup;
			children = (
				A1120C1F1A6C6A46001E224B /* FBInspired */,
				A1120C391A6C6A46001E224B /* FBInspiredTests */,
				A1120C1E1A6C6A46001E224B /* Products */,
			);
			sourceTree = "<group>";
		};
		A1120C1E1A6C6A46001E224B /* Products */ = {
			isa = PBXGroup;
			children = (
				A1120C1D1A6C6A46001E224B /* FBInspired.app */,
				A1120C361A6C6A46001E224B /* FBInspiredTests.xctest */,
			);
			name = Products;
			sourceTree = "<group>";
		};
		A1120C1F1A6C6A46001E224B /* FBInspired */ = {
			isa = PBXGroup;
			children = (
				A1120C241A6C6A46001E224B /* AppDelegate.h */,
				A1120C251A6C6A46001E224B /* AppDelegate.m */,
				A1120C271A6C6A46001E224B /* ViewController.h */,
				A1120C281A6C6A46001E224B /* ViewController.m */,
				A1120C2A1A6C6A46001E224B /* Main.storyboard */,
				A1120C2D1A6C6A46001E224B /* Images.xcassets */,
				A1120C2F1A6C6A46001E224B /* LaunchScreen.xib */,
				A1120C201A6C6A46001E224B /* Supporting Files */,
			);
			path = FBInspired;
			sourceTree = "<group>";
		};
		A1120C201A6C6A46001E224B /* Supporting Files */ = {
			isa = PBXGroup;
			children = (
				A1120C211A6C6A46001E224B /* Info.plist */,
				A1120C221A6C6A46001E224B /* main.m */,
			);
			name = "Supporting Files";
			sourceTree = "<group>";
		};
		A1120C391A6C6A46001E224B /* FBInspiredTests */ = {
			isa = PBXGroup;
			children = (
				A1120C3C1A6C6A46001E224B /* FBInspiredTests.m */,
				A1120C3A1A6C6A46001E224B /* Supporting Files */,
			);
			path = FBInspiredTests;
			sourceTree = "<group>";
		};
		A1120C3A1A6C6A46001E224B /* Supporting Files */ = {
			isa = PBXGroup;
			children = (
				A1120C3B1A6C6A46001E224B /* Info.plist */,
			);
			name = "Supporting Files";
			sourceTree = "<group>";
		};
/* End PBXGroup section */

/* Begin PBXNativeTarget section */
		A1120C1C1A6C6A46001E224B /* FBInspired */ = {
			isa = PBXNativeTarget;
			buildConfigurationList = A1120C401A6C6A47001E224B /* Build configuration list for PBXNativeTarget "FBInspired" */;
			buildPhases = (
				A1120C191A6C6A46001E224B /* Sources */,
				A1120C1A1A6C6A46001E224B /* Frameworks */,
				A1120C1B1A6C6A46001E224B /* Resources */,
			);
			buildRules = (
			);
			dependencies = (
			);
			name = FBInspired;
			productName = FBInspired;
			productReference = A1120C1D1A6C6A46001E224B /* FBInspired.app */;
			productType = "com.apple.product-type.application";
		};
		A1120C351A6C6A46001E224B /* FBInspiredTests */ = {
			isa = PBXNativeTarget;
			buildConfigurationList = A1120C431A6C6A47001E224B /* Build configuration list for PBXNativeTarget "FBInspiredTests" */;
			buildPhases = (
				A1120C321A6C6A46001E224B /* Sources */,
				A1120C331A6C6A46001E224B /* Frameworks */,
				A1120C341A6C6A46001E224B /* Resources */,
			);
			buildRules = (
			);
			dependencies = (
				A1120C381A6C6A46001E224B /* PBXTargetDependency */,
			);
			name = FBInspiredTests;
			productName = FBInspiredTests;
			productReference = A1120C361A6C6A46001E224B /* FBInspiredTests.xctest */;
			productType = "com.apple.product-type.bundle.unit-test";
		};
/* End PBXNativeTarget section */

/* Begin PBXProject section */
		A1120C151A6C6A46001E224B /* Project object */ = {
			isa = PBXProject;
			attributes = {
				LastUpgradeCheck = 0610;
				ORGANIZATIONNAME = "ROBERA GELETA";
				TargetAttributes = {
					A1120C1C1A6C6A46001E224B = {
						CreatedOnToolsVersion = 6.1.1;
					};
					A1120C351A6C6A46001E224B = {
						CreatedOnToolsVersion = 6.1.1;
						TestTargetID = A1120C1C1A6C6A46001E224B;
					};
				};
			};
			buildConfigurationList = A1120C181A6C6A46001E224B /* Build configuration list for PBXProject "FBInspired" */;
			compatibilityVersion = "Xcode 3.2";
			developmentRegion = English;
			hasScannedForEncodings = 0;
			knownRegions = (
				en,
				Base,
			);
			mainGroup = A1120C141A6C6A46001E224B;
			productRefGroup = A1120C1E1A6C6A46001E224B /* Products */;
			projectDirPath = "";
			projectRoot = "";
			targets = (
				A1120C1C1A6C6A46001E224B /* FBInspired */,
				A1120C351A6C6A46001E224B /* FBInspiredTests */,
			);
		};
/* End PBXProject section */

/* Begin PBXResourcesBuildPhase section */
		A1120C1B1A6C6A46001E224B /* Resources */ = {
			isa = PBXResourcesBuildPhase;
			buildActionMask = 2147483647;
			files = (
				A1120C2C1A6C6A46001E224B /* Main.storyboard in Resources */,
				A1120C311A6C6A46001E224B /* LaunchScreen.xib in Resources */,
				A1120C2E1A6C6A46001E224B /* Images.xcassets in Resources */,
			);
			runOnlyForDeploymentPostprocessing = 0;
		};
		A1120C341A6C6A46001E224B /* Resources */ = {
			isa = PBXResourcesBuildPhase;
			buildActionMask = 2147483647;
			files = (
			);
			runOnlyForDeploymentPostprocessing = 0;
		};
/* End PBXResourcesBuildPhase section */

/* Begin PBXSourcesBuildPhase section */
		A1120C191A6C6A46001E224B /* Sources */ = {
			isa = PBXSourcesBuildPhase;
			buildActionMask = 2147483647;
			files = (
				A1120C291A6C6A46001E224B /* ViewController.m in Sources */,
				A1120C261A6C6A46001E224B /* AppDelegate.m in Sources */,
				A1120C231A6C6A46001E224B /* main.m in Sources */,
			);
			runOnlyForDeploymentPostprocessing = 0;
		};
		A1120C321A6C6A46001E224B /* Sources */ = {
			isa = PBXSourcesBuildPhase;
			buildActionMask = 2147483647;
			files = (
				A1120C3D1A6C6A46001E224B /* FBInspiredTests.m in Sources */,
			);
			runOnlyForDeploymentPostprocessing = 0;
		};
/* End PBXSourcesBuildPhase section */

/* Begin PBXTargetDependency section */
		A1120C381A6C6A46001E224B /* PBXTargetDependency */ = {
			isa = PBXTargetDependency;
			target = A1120C1C1A6C6A46001E224B /* FBInspired */;
			targetProxy = A1120C371A6C6A46001E224B /* PBXContainerItemProxy */;
		};
/* End PBXTargetDependency section */

/* Begin PBXVariantGroup section */
		A1120C2A1A6C6A46001E224B /* Main.storyboard */ = {
			isa = PBXVariantGroup;
			children = (
				A1120C2B1A6C6A46001E224B /* Base */,
			);
			name = Main.storyboard;
			sourceTree = "<group>";
		};
		A1120C2F1A6C6A46001E224B /* LaunchScreen.xib */ = {
			isa = PBXVariantGroup;
			children = (
				A1120C301A6C6A46001E224B /* Base */,
			);
			name = LaunchScreen.xib;
			sourceTree = "<group>";
		};
/* End PBXVariantGroup section */

/* Begin XCBuildConfiguration section */
		A1120C3E1A6C6A47001E224B /* Debug */ = {
			isa = XCBuildConfiguration;
			buildSettings = {
				ALWAYS_SEARCH_USER_PATHS = NO;
				CLANG_CXX_LANGUAGE_STANDARD = "gnu++0x";
				CLANG_CXX_LIBRARY = "libc++";
				CLANG_ENABLE_MODULES = YES;
				CLANG_ENABLE_OBJC_ARC = YES;
				CLANG_WARN_BOOL_CONVERSION = YES;
				CLANG_WARN_CONSTANT_CONVERSION = YES;
				CLANG_WARN_DIRECT_OBJC_ISA_USAGE = YES_ERROR;
				CLANG_WARN_EMPTY_BODY = YES;
				CLANG_WARN_ENUM_CONVERSION = YES;
				CLANG_WARN_INT_CONVERSION = YES;
				CLANG_WARN_OBJC_ROOT_CLASS = YES_ERROR;
				CLANG_WARN_UNREACHABLE_CODE = YES;
				CLANG_WARN__DUPLICATE_METHOD_MATCH = YES;
				"CODE_SIGN_IDENTITY[sdk=iphoneos*]" = "iPhone Developer";
				COPY_PHASE_STRIP = NO;
				ENABLE_STRICT_OBJC_MSGSEND = YES;
				GCC_C_LANGUAGE_STANDARD = gnu99;
				GCC_DYNAMIC_NO_PIC = NO;
				GCC_OPTIMIZATION_LEVEL = 0;
				GCC_PREPROCESSOR_DEFINITIONS = (
					"DEBUG=1",
					"$(inherited)",
				);
				GCC_SYMBOLS_PRIVATE_EXTERN = NO;
				GCC_WARN_64_TO_32_BIT_CONVERSION = YES;
				GCC_WARN_ABOUT_RETURN_TYPE = YES_ERROR;
				GCC_WARN_UNDECLARED_SELECTOR = YES;
				GCC_WARN_UNINITIALIZED_AUTOS = YES_AGGRESSIVE;
				GCC_WARN_UNUSED_FUNCTION = YES;
				GCC_WARN_UNUSED_VARIABLE = YES;
				IPHONEOS_DEPLOYMENT_TARGET = 8.1;
				MTL_ENABLE_DEBUG_INFO = YES;
				ONLY_ACTIVE_ARCH = YES;
				SDKROOT = iphoneos;
			};
			name = Debug;
		};
		A1120C3F1A6C6A47001E224B /* Release */ = {
			isa = XCBuildConfiguration;
			buildSettings = {
				ALWAYS_SEARCH_USER_PATHS = NO;
				CLANG_CXX_LANGUAGE_STANDARD = "gnu++0x";
				CLANG_CXX_LIBRARY = "libc++";
				CLANG_ENABLE_MODULES = YES;
				CLANG_ENABLE_OBJC_ARC = YES;
				CLANG_WARN_BOOL_CONVERSION = YES;
				CLANG_WARN_CONSTANT_CONVERSION = YES;
				CLANG_WARN_DIRECT_OBJC_ISA_USAGE = YES_ERROR;
				CLANG_WARN_EMPTY_BODY = YES;
				CLANG_WARN_ENUM_CONVERSION = YES;
				CLANG_WARN_INT_CONVERSION = YES;
				CLANG_WARN_OBJC_ROOT_CLASS = YES_ERROR;
				CLANG_WARN_UNREACHABLE_CODE = YES;
				CLANG_WARN__DUPLICATE_METHOD_MATCH = YES;
				"CODE_SIGN_IDENTITY[sdk=iphoneos*]" = "iPhone Developer";
				COPY_PHASE_STRIP = YES;
				ENABLE_NS_ASSERTIONS = NO;
				ENABLE_STRICT_OBJC_MSGSEND = YES;
				GCC_C_LANGUAGE_STANDARD = gnu99;
				GCC_WARN_64_TO_32_BIT_CONVERSION = YES;
				GCC_WARN_ABOUT_RETURN_TYPE = YES_ERROR;
				GCC_WARN_UNDECLARED_SELECTOR = YES;
				GCC_WARN_UNINITIALIZED_AUTOS = YES_AGGRESSIVE;
				GCC_WARN_UNUSED_FUNCTION = YES;
				GCC_WARN_UNUSED_VARIABLE = YES;
				IPHONEOS_DEPLOYMENT_TARGET = 8.1;
				MTL_ENABLE_DEBUG_INFO = NO;
				SDKROOT = iphoneos;
				VALIDATE_PRODUCT = YES;
			};
			name = Release;
		};
		A1120C411A6C6A47001E224B /* Debug */ = {
			isa = XCBuildConfiguration;
			buildSettings = {
				ASSETCATALOG_COMPILER_APPICON_NAME = AppIcon;
				INFOPLIST_FILE = FBInspired/Info.plist;
				LD_RUNPATH_SEARCH_PATHS = "$(inherited) @executable_path/Frameworks";
				PRODUCT_NAME = "$(TARGET_NAME)";
			};
			name = Debug;
		};
		A1120C421A6C6A47001E224B /* Release */ = {
			isa = XCBuildConfiguration;
			buildSettings = {
				ASSETCATALOG_COMPILER_APPICON_NAME = AppIcon;
				INFOPLIST_FILE = FBInspired/Info.plist;
				LD_RUNPATH_SEARCH_PATHS = "$(inherited) @executable_path/Frameworks";
				PRODUCT_NAME = "$(TARGET_NAME)";
			};
			name = Release;
		};
		A1120C441A6C6A47001E224B /* Debug */ = {
			isa = XCBuildConfiguration;
			buildSettings = {
				BUNDLE_LOADER = "$(TEST_HOST)";
				FRAMEWORK_SEARCH_PATHS = (
					"$(SDKROOT)/Developer/Library/Frameworks",
					"$(inherited)",
				);
				GCC_PREPROCESSOR_DEFINITIONS = (
					"DEBUG=1",
					"$(inherited)",
				);
				INFOPLIST_FILE = FBInspiredTests/Info.plist;
				LD_RUNPATH_SEARCH_PATHS = "$(inherited) @executable_path/Frameworks @loader_path/Frameworks";
				PRODUCT_NAME = "$(TARGET_NAME)";
				TEST_HOST = "$(BUILT_PRODUCTS_DIR)/FBInspired.app/FBInspired";
			};
			name = Debug;
		};
		A1120C451A6C6A47001E224B /* Release */ = {
			isa = XCBuildConfiguration;
			buildSettings = {
				BUNDLE_LOADER = "$(TEST_HOST)";
				FRAMEWORK_SEARCH_PATHS = (
					"$(SDKROOT)/Developer/Library/Frameworks",
					"$(inherited)",
				);
				INFOPLIST_FILE = FBInspiredTests/Info.plist;
				LD_RUNPATH_SEARCH_PATHS = "$(inherited) @executable_path/Frameworks @loader_path/Frameworks";
				PRODUCT_NAME = "$(TARGET_NAME)";
				TEST_HOST = "$(BUILT_PRODUCTS_DIR)/FBInspired.app/FBInspired";
			};
			name = Release;
		};
/* End XCBuildConfiguration section */

/* Begin XCConfigurationList section */
		A1120C181A6C6A46001E224B /* Build configuration list for PBXProject "FBInspired" */ = {
			isa = XCConfigurationList;
			buildConfigurations = (
				A1120C3E1A6C6A47001E224B /* Debug */,
				A1120C3F1A6C6A47001E224B /* Release */,
			);
			defaultConfigurationIsVisible = 0;
			defaultConfigurationName = Release;
		};
		A1120C401A6C6A47001E224B /* Build configuration list for PBXNativeTarget "FBInspired" */ = {
			isa = XCConfigurationList;
			buildConfigurations = (
				A1120C411A6C6A47001E224B /* Debug */,
				A1120C421A6C6A47001E224B /* Release */,
			);
			defaultConfigurationIsVisible = 0;
			defaultConfigurationName = Release;
		};
		A1120C431A6C6A47001E224B /* Build configuration list for PBXNativeTarget "FBInspiredTests" */ = {
			isa = XCConfigurationList;
			buildConfigurations = (
				A1120C441A6C6A47001E224B /* Debug */,
				A1120C451A6C6A47001E224B /* Release */,
			);
			defaultConfigurationIsVisible = 0;
			defaultConfigurationName = Release;
		};
/* End XCConfigurationList section */
	};
	rootObject = A1120C151A6C6A46001E224B /* Project object */;
}
